
Microsoft Visual Studio Solution File, Format Version 12.00
# Visual Studio Version 17
VisualStudioVersion = 17.3.32929.385
MinimumVisualStudioVersion = 10.0.40219.1
Project("{9A19103F-16F7-4668-BE54-9A1E7A4F7556}") = "Xbim.IDS.Validator.Core", "Xbim.IDS.Validator.Core\Xbim.IDS.Validator.Core.csproj", "{38B27756-6465-4312-80C3-A0A46326EE0C}"
EndProject
Project("{9A19103F-16F7-4668-BE54-9A1E7A4F7556}") = "Xbim.IDS.Validator.Core.Tests", "Xbim.IDS.Validator.Core.Tests\Xbim.IDS.Validator.Core.Tests.csproj", "{6AACCF6C-B750-4290-ADE9-2578CE8DF963}"
EndProject
Project("{2150E333-8FDC-42A3-9474-1A3956D46DE8}") = "Solution Items", "Solution Items", "{940B173E-4DD5-4392-AF9E-264285B2121C}"
	ProjectSection(SolutionItems) = preProject
		.editorconfig = .editorconfig
		.gitignore = .gitignore
		azure-pipelines.yml = azure-pipelines.yml
		nuget.config = nuget.config
	EndProjectSection
EndProject
Project("{9A19103F-16F7-4668-BE54-9A1E7A4F7556}") = "Xbim.IDS.Validator.Console", "Xbim.IDS.Validator.Console\Xbim.IDS.Validator.Console.csproj", "{6688206C-28DF-4B32-94B8-F2FD36B56655}"
EndProject
Global
	GlobalSection(SolutionConfigurationPlatforms) = preSolution
		Debug|Any CPU = Debug|Any CPU
		Release|Any CPU = Release|Any CPU
	EndGlobalSection
	GlobalSection(ProjectConfigurationPlatforms) = postSolution
		{38B27756-6465-4312-80C3-A0A46326EE0C}.Debug|Any CPU.ActiveCfg = Debug|Any CPU
		{38B27756-6465-4312-80C3-A0A46326EE0C}.Debug|Any CPU.Build.0 = Debug|Any CPU
		{38B27756-6465-4312-80C3-A0A46326EE0C}.Release|Any CPU.ActiveCfg = Release|Any CPU
		{38B27756-6465-4312-80C3-A0A46326EE0C}.Release|Any CPU.Build.0 = Release|Any CPU
		{6AACCF6C-B750-4290-ADE9-2578CE8DF963}.Debug|Any CPU.ActiveCfg = Debug|Any CPU
		{6AACCF6C-B750-4290-ADE9-2578CE8DF963}.Debug|Any CPU.Build.0 = Debug|Any CPU
		{6AACCF6C-B750-4290-ADE9-2578CE8DF963}.Release|Any CPU.ActiveCfg = Release|Any CPU
		{6AACCF6C-B750-4290-ADE9-2578CE8DF963}.Release|Any CPU.Build.0 = Release|Any CPU
		{6688206C-28DF-4B32-94B8-F2FD36B56655}.Debug|Any CPU.ActiveCfg = Debug|Any CPU
		{6688206C-28DF-4B32-94B8-F2FD36B56655}.Debug|Any CPU.Build.0 = Debug|Any CPU
		{6688206C-28DF-4B32-94B8-F2FD36B56655}.Release|Any CPU.ActiveCfg = Release|Any CPU
		{6688206C-28DF-4B32-94B8-F2FD36B56655}.Release|Any CPU.Build.0 = Release|Any CPU
	EndGlobalSection
	GlobalSection(SolutionProperties) = preSolution
		HideSolutionNode = FALSE
	EndGlobalSection
	GlobalSection(ExtensibilityGlobals) = postSolution
		SolutionGuid = {EC5FC2B3-042E-40C1-B9BB-05B8698DB392}
	EndGlobalSection
EndGlobal
